{
  "name": "@sifive/hifive1-board",
  "version": "0.0.2",
  "lockfileVersion": 1,
  "requires": true,
  "dependencies": {
    "@sifive/coreplex-devices": {
      "version": "0.0.2",
      "resolved": "https://registry.npmjs.org/@sifive/coreplex-devices/-/coreplex-devices-0.0.2.tgz",
      "integrity": "sha512-AeDQVOAmMbBlTLZeM1RhD4u4AGILkDkz/e1+bQix/XgLzQr/0xW2QvMUH6e+LBhQ2meHb+CUAmBuf1XvLwT2Lg=="
    }
  }
}
